<?xml version="1.0" encoding="utf-8"?>
<Project ToolsVersion="4.0" xmlns="http://schemas.microsoft.com/developer/msbuild/2003">
  <ItemGroup>
    <Filter Include="Source Files">
      <UniqueIdentifier>{4FC737F1-C7A5-4376-A066-2A32D752A2FF}</UniqueIdentifier>
      <Extensions>cpp;c;cc;cxx;def;odl;idl;hpj;bat;asm;asmx</Extensions>
    </Filter>
    <Filter Include="Header Files">
      <UniqueIdentifier>{93995380-89BD-4b04-88EB-625FBE52EBFB}</UniqueIdentifier>
      <Extensions>h;hh;hpp;hxx;hm;inl;inc;ipp;xsd</Extensions>
    </Filter>
    <Filter Include="Resource Files">
      <UniqueIdentifier>{67DA6AB6-F800-4c08-8B7A-83BB121AAD01}</UniqueIdentifier>
      <Extensions>rc;ico;cur;bmp;dlg;rc2;rct;bin;rgs;gif;jpg;jpeg;jpe;resx;tiff;tif;png;wav;mfcribbon-ms</Extensions>
    </Filter>
  </ItemGroup>
  <ItemGroup>
    <ClCompile Include="glad.c">
      <Filter>Source Files</Filter>
    </ClCompile>
    <ClCompile Include="stb_image.cpp">
      <Filter>Source Files</Filter>
    </ClCompile>
    <ClCompile Include="engine\Camera.cpp">
      <Filter>Source Files</Filter>
    </ClCompile>
    <ClCompile Include="engine\Mesh.cpp">
      <Filter>Source Files</Filter>
    </ClCompile>
    <ClCompile Include="engine\Model.cpp">
      <Filter>Source Files</Filter>
    </ClCompile>
    <ClCompile Include="engine\Shader.cpp">
      <Filter>Source Files</Filter>
    </ClCompile>
    <ClCompile Include="programs\BackpackModelProgram.cpp">
      <Filter>Source Files</Filter>
    </ClCompile>
    <ClCompile Include="programs\HelloTriangleProgram.cpp">
      <Filter>Source Files</Filter>
    </ClCompile>
    <ClCompile Include="programs\RearViewStencilingProgram.cpp">
      <Filter>Source Files</Filter>
    </ClCompile>
    <ClCompile Include="programs\StencilProgram.cpp">
      <Filter>Source Files</Filter>
    </ClCompile>
    <ClCompile Include="programs\SkyboxProgram.cpp">
      <Filter>Source Files</Filter>
    </ClCompile>
    <ClCompile Include="programs\UniformBufferProgram.cpp">
      <Filter>Source Files</Filter>
    </ClCompile>
    <ClCompile Include="programs\EmptyProgram.cpp">
      <Filter>Source Files</Filter>
    </ClCompile>
    <ClCompile Include="main.cpp">
      <Filter>Source Files</Filter>
    </ClCompile>
    <ClCompile Include="programs\GeometryShaderProgram.cpp">
      <Filter>Source Files</Filter>
    </ClCompile>
    <ClCompile Include="programs\DisplayNormalsProgram.cpp">
      <Filter>Source Files</Filter>
    </ClCompile>
    <ClCompile Include="programs\ExplodingModelProgram.cpp">
      <Filter>Source Files</Filter>
    </ClCompile>
  </ItemGroup>
  <ItemGroup>
    <ClInclude Include="stb_image.h">
      <Filter>Header Files</Filter>
    </ClInclude>
    <ClInclude Include="engine\Camera.hpp">
      <Filter>Header Files</Filter>
    </ClInclude>
    <ClInclude Include="engine\Mesh.hpp">
      <Filter>Header Files</Filter>
    </ClInclude>
    <ClInclude Include="engine\Model.hpp">
      <Filter>Header Files</Filter>
    </ClInclude>
    <ClInclude Include="engine\Shader.hpp">
      <Filter>Header Files</Filter>
    </ClInclude>
    <ClInclude Include="helpers\LightAttenuationTerms.hpp">
      <Filter>Header Files</Filter>
    </ClInclude>
    <ClInclude Include="helpers\BasicMaterialLibrary.hpp">
      <Filter>Header Files</Filter>
    </ClInclude>
    <ClInclude Include="programs\BackpackModelProgram.hpp">
      <Filter>Header Files</Filter>
    </ClInclude>
    <ClInclude Include="programs\HelloTriangleProgram.hpp">
      <Filter>Header Files</Filter>
    </ClInclude>
    <ClInclude Include="programs\RearViewStencilingProgram.hpp">
      <Filter>Header Files</Filter>
    </ClInclude>
    <ClInclude Include="programs\StencilProgram.hpp">
      <Filter>Header Files</Filter>
    </ClInclude>
    <ClInclude Include="programs\Program.hpp">
      <Filter>Header Files</Filter>
    </ClInclude>
    <ClInclude Include="programs\SkyboxProgram.hpp">
      <Filter>Header Files</Filter>
    </ClInclude>
    <ClInclude Include="helpers\Range.hpp">
      <Filter>Header Files</Filter>
    </ClInclude>
    <ClInclude Include="programs\UniformBufferProgram.hpp">
      <Filter>Header Files</Filter>
    </ClInclude>
    <ClInclude Include="programs\EmptyProgram.hpp">
      <Filter>Header Files</Filter>
    </ClInclude>
    <ClInclude Include="programs\GeometryShaderProgram.hpp">
      <Filter>Header Files</Filter>
    </ClInclude>
    <ClInclude Include="programs\DisplayNormalsProgram.hpp">
      <Filter>Header Files</Filter>
    </ClInclude>
    <ClInclude Include="programs\ExplodingModelProgram.hpp">
      <Filter>Header Files</Filter>
    </ClInclude>
  </ItemGroup>
  <ItemGroup>
    <None Include="shaders\light.frag" />
    <None Include="shaders\light.vert" />
    <None Include="shaders\lit.vert" />
    <None Include="shaders\lit.frag" />
    <None Include="shaders\litPhongViewSpace.frag" />
    <None Include="shaders\litPhongViewSpace.vert" />
    <None Include="shaders\litGouraud.frag" />
    <None Include="shaders\litGouraud.vert" />
    <None Include="shaders\litPhong.frag" />
    <None Include="shaders\litPhong.vert" />
    <None Include="shaders\empty.frag" />
    <None Include="shaders\empty.vert" />
    <None Include="shaders\depth.frag" />
    <None Include="shaders\depth.vert" />
    <None Include="shaders\outline.frag" />
    <None Include="shaders\mix.frag" />
    <None Include="shaders\mix.vert" />
    <None Include="shaders\unlit.frag" />
    <None Include="shaders\unlit.vert" />
    <None Include="shaders\unlitTransparent.frag" />
    <None Include="shaders\unlitTransparent.vert" />
    <None Include="shaders\screen.frag" />
    <None Include="shaders\screen.vert" />
    <None Include="shaders\skybox.vert" />
    <None Include="shaders\reflective.frag" />
    <None Include="shaders\reflective.vert" />
    <None Include="shaders\refractive.frag" />
    <None Include="shaders\refractive.vert" />
    <None Include="shaders\skybox.frag" />
    <None Include="shaders\ubo.vert" />
    <None Include="shaders\ubo_blue.frag" />
    <None Include="shaders\ubo_green.frag" />
    <None Include="shaders\ubo_red.frag" />
    <None Include="shaders\ubo_yellow.frag" />
    <None Include="shaders\geometry.frag" />
    <None Include="shaders\geometry.vert" />
    <None Include="shaders\geometry.geom" />
    <None Include="shaders\explodingModel.frag" />
    <None Include="shaders\explodingModel.geom" />
    <None Include="shaders\explodingModel.vert" />
    <None Include="shaders\displayNormals.frag" />
    <None Include="shaders\displayNormals.geom" />
    <None Include="shaders\displayNormals.vert" />
  </ItemGroup>
</Project>